
Microsoft Visual Studio Solution File, Format Version 12.00
# Visual Studio Version 17
VisualStudioVersion = 17.11.35222.181
MinimumVisualStudioVersion = 10.0.40219.1
Project("{FAE04EC0-301F-11D3-BF4B-00C04F79EFBC}") = "Create-PPT-UI", "Create-PPT-UI.csproj", "{F216375B-A7E1-4E2E-A846-03B2E90EAD8A}"
EndProject
Global
	GlobalSection(SolutionConfigurationPlatforms) = preSolution
		Debug|Any CPU = Debug|Any CPU
		Release|Any CPU = Release|Any CPU
	EndGlobalSection
	GlobalSection(ProjectConfigurationPlatforms) = postSolution
		{F216375B-A7E1-4E2E-A846-03B2E90EAD8A}.Debug|Any CPU.ActiveCfg = Debug|Any CPU
		{F216375B-A7E1-4E2E-A846-03B2E90EAD8A}.Debug|Any CPU.Build.0 = Debug|Any CPU
		{F216375B-A7E1-4E2E-A846-03B2E90EAD8A}.Release|Any CPU.ActiveCfg = Release|Any CPU
		{F216375B-A7E1-4E2E-A846-03B2E90EAD8A}.Release|Any CPU.Build.0 = Release|Any CPU
	EndGlobalSection
	GlobalSection(SolutionProperties) = preSolution
		HideSolutionNode = FALSE
	EndGlobalSection
	GlobalSection(ExtensibilityGlobals) = postSolution
		SolutionGuid = {66D1E3F6-853D-4771-AF6B-AF3D477BCE7F}
	EndGlobalSection
EndGlobal
